<?xml version="1.0" encoding="utf-8"?>
<Project ToolsVersion="4.0" xmlns="http://schemas.microsoft.com/developer/msbuild/2003">
  <ItemGroup>
    <Filter Include="Source Files">
      <UniqueIdentifier>{4FC737F1-C7A5-4376-A066-2A32D752A2FF}</UniqueIdentifier>
      <Extensions>cpp;c;cc;cxx;def;odl;idl;hpj;bat;asm;asmx</Extensions>
    </Filter>
    <Filter Include="Header Files">
      <UniqueIdentifier>{93995380-89BD-4b04-88EB-625FBE52EBFB}</UniqueIdentifier>
      <Extensions>h;hh;hpp;hxx;hm;inl;inc;xsd</Extensions>
    </Filter>
    <Filter Include="Resource Files">
      <UniqueIdentifier>{67DA6AB6-F800-4c08-8B7A-83BB121AAD01}</UniqueIdentifier>
      <Extensions>rc;ico;cur;bmp;dlg;rc2;rct;bin;rgs;gif;jpg;jpeg;jpe;resx;tiff;tif;png;wav;mfcribbon-ms</Extensions>
    </Filter>
    <Filter Include="Source Files\math">
      <UniqueIdentifier>{fd1732ba-e392-4c64-96d3-81db28de707f}</UniqueIdentifier>
    </Filter>
    <Filter Include="Source Files\test">
      <UniqueIdentifier>{85a834bd-c892-4a31-9110-0f393b641397}</UniqueIdentifier>
    </Filter>
    <Filter Include="Source Files\types">
      <UniqueIdentifier>{3fc4ae4e-62e5-4a4c-ba8e-c382715e98ff}</UniqueIdentifier>
    </Filter>
    <Filter Include="Source Files\camera">
      <UniqueIdentifier>{af996877-fff2-4bf3-bb47-b43a0fd3149e}</UniqueIdentifier>
    </Filter>
  </ItemGroup>
  <ItemGroup>
    <ClCompile Include="..\..\core_tests\main.cpp">
      <Filter>Source Files</Filter>
    </ClCompile>
    <ClCompile Include="..\..\core_tests\math\Color_test.cpp">
      <Filter>Source Files\math</Filter>
    </ClCompile>
    <ClCompile Include="..\..\core_tests\math\Matrix4x4_test.cpp">
      <Filter>Source Files\math</Filter>
    </ClCompile>
    <ClCompile Include="..\..\core_tests\math\Vector2_test.cpp">
      <Filter>Source Files\math</Filter>
    </ClCompile>
    <ClCompile Include="..\..\core_tests\math\Vector3_test.cpp">
      <Filter>Source Files\math</Filter>
    </ClCompile>
    <ClCompile Include="..\..\core_tests\types\LinkedList_test.cpp">
      <Filter>Source Files\types</Filter>
    </ClCompile>
    <ClCompile Include="..\..\core_tests\types\typedefs_test.cpp">
      <Filter>Source Files\types</Filter>
    </ClCompile>
    <ClCompile Include="..\..\core_tests\test\UnitTest.cpp">
      <Filter>Source Files\test</Filter>
    </ClCompile>
    <ClCompile Include="..\..\core_tests\test\TestSuite.cpp">
      <Filter>Source Files\test</Filter>
    </ClCompile>
    <ClCompile Include="..\..\core_tests\test\TestRunner.cpp">
      <Filter>Source Files\test</Filter>
    </ClCompile>
    <ClCompile Include="..\..\core_tests\test\TestException.cpp">
      <Filter>Source Files\test</Filter>
    </ClCompile>
    <ClCompile Include="..\..\core_tests\camera\Camera_test.cpp">
      <Filter>Source Files\camera</Filter>
    </ClCompile>
  </ItemGroup>
  <ItemGroup>
    <ClInclude Include="..\..\core_tests\test\UnitTest.h">
      <Filter>Source Files\test</Filter>
    </ClInclude>
    <ClInclude Include="..\..\core_tests\test\TestSuite.h">
      <Filter>Source Files\test</Filter>
    </ClInclude>
    <ClInclude Include="..\..\core_tests\test\TestRunner.h">
      <Filter>Source Files\test</Filter>
    </ClInclude>
    <ClInclude Include="..\..\core_tests\test\TestException.h">
      <Filter>Source Files\test</Filter>
    </ClInclude>
    <ClInclude Include="..\..\core_tests\test\ITestCallback.h">
      <Filter>Source Files\test</Filter>
    </ClInclude>
    <ClInclude Include="..\..\core_tests\test\Test.h">
      <Filter>Source Files\test</Filter>
    </ClInclude>
  </ItemGroup>
</Project>