
Microsoft Visual Studio Solution File, Format Version 12.00
# Visual Studio Express 2013 for Windows Desktop
VisualStudioVersion = 12.0.21005.1
MinimumVisualStudioVersion = 10.0.40219.1
Project("{8BC9CEB8-8B4A-11D0-8D11-00A0C91BC942}") = "core", "core.vcxproj", "{9E3A0758-7E01-4FC5-8C5F-F41A6DA8E767}"
EndProject
Project("{8BC9CEB8-8B4A-11D0-8D11-00A0C91BC942}") = "demo", "demo.vcxproj", "{98534620-52E3-4571-9B8C-538A65671801}"
EndProject
Project("{8BC9CEB8-8B4A-11D0-8D11-00A0C91BC942}") = "core_tests", "core_tests.vcxproj", "{9F2B95B6-0346-4432-8DE8-BF17725F2821}"
EndProject
Project("{8BC9CEB8-8B4A-11D0-8D11-00A0C91BC942}") = "core.kernel.win32", "core.kernel.win32.vcxproj", "{EB6222B5-41FC-4355-A650-FCD8ADF53F31}"
	ProjectSection(ProjectDependencies) = postProject
		{9E3A0758-7E01-4FC5-8C5F-F41A6DA8E767} = {9E3A0758-7E01-4FC5-8C5F-F41A6DA8E767}
	EndProjectSection
EndProject
Global
	GlobalSection(SolutionConfigurationPlatforms) = preSolution
		Debug|Any CPU = Debug|Any CPU
		Debug|Mixed Platforms = Debug|Mixed Platforms
		Debug|Win32 = Debug|Win32
		Release|Any CPU = Release|Any CPU
		Release|Mixed Platforms = Release|Mixed Platforms
		Release|Win32 = Release|Win32
	EndGlobalSection
	GlobalSection(ProjectConfigurationPlatforms) = postSolution
		{9E3A0758-7E01-4FC5-8C5F-F41A6DA8E767}.Debug|Any CPU.ActiveCfg = Debug|Win32
		{9E3A0758-7E01-4FC5-8C5F-F41A6DA8E767}.Debug|Mixed Platforms.ActiveCfg = Debug|Win32
		{9E3A0758-7E01-4FC5-8C5F-F41A6DA8E767}.Debug|Mixed Platforms.Build.0 = Debug|Win32
		{9E3A0758-7E01-4FC5-8C5F-F41A6DA8E767}.Debug|Win32.ActiveCfg = Debug|Win32
		{9E3A0758-7E01-4FC5-8C5F-F41A6DA8E767}.Debug|Win32.Build.0 = Debug|Win32
		{9E3A0758-7E01-4FC5-8C5F-F41A6DA8E767}.Release|Any CPU.ActiveCfg = Release|Win32
		{9E3A0758-7E01-4FC5-8C5F-F41A6DA8E767}.Release|Mixed Platforms.ActiveCfg = Release|Win32
		{9E3A0758-7E01-4FC5-8C5F-F41A6DA8E767}.Release|Mixed Platforms.Build.0 = Release|Win32
		{9E3A0758-7E01-4FC5-8C5F-F41A6DA8E767}.Release|Win32.ActiveCfg = Release|Win32
		{9E3A0758-7E01-4FC5-8C5F-F41A6DA8E767}.Release|Win32.Build.0 = Release|Win32
		{98534620-52E3-4571-9B8C-538A65671801}.Debug|Any CPU.ActiveCfg = Debug|Win32
		{98534620-52E3-4571-9B8C-538A65671801}.Debug|Mixed Platforms.ActiveCfg = Debug|Win32
		{98534620-52E3-4571-9B8C-538A65671801}.Debug|Mixed Platforms.Build.0 = Debug|Win32
		{98534620-52E3-4571-9B8C-538A65671801}.Debug|Win32.ActiveCfg = Debug|Win32
		{98534620-52E3-4571-9B8C-538A65671801}.Debug|Win32.Build.0 = Debug|Win32
		{98534620-52E3-4571-9B8C-538A65671801}.Release|Any CPU.ActiveCfg = Release|Win32
		{98534620-52E3-4571-9B8C-538A65671801}.Release|Mixed Platforms.ActiveCfg = Release|Win32
		{98534620-52E3-4571-9B8C-538A65671801}.Release|Mixed Platforms.Build.0 = Release|Win32
		{98534620-52E3-4571-9B8C-538A65671801}.Release|Win32.ActiveCfg = Release|Win32
		{98534620-52E3-4571-9B8C-538A65671801}.Release|Win32.Build.0 = Release|Win32
		{9F2B95B6-0346-4432-8DE8-BF17725F2821}.Debug|Any CPU.ActiveCfg = Debug|Win32
		{9F2B95B6-0346-4432-8DE8-BF17725F2821}.Debug|Mixed Platforms.ActiveCfg = Debug|Win32
		{9F2B95B6-0346-4432-8DE8-BF17725F2821}.Debug|Mixed Platforms.Build.0 = Debug|Win32
		{9F2B95B6-0346-4432-8DE8-BF17725F2821}.Debug|Win32.ActiveCfg = Debug|Win32
		{9F2B95B6-0346-4432-8DE8-BF17725F2821}.Debug|Win32.Build.0 = Debug|Win32
		{9F2B95B6-0346-4432-8DE8-BF17725F2821}.Release|Any CPU.ActiveCfg = Release|Win32
		{9F2B95B6-0346-4432-8DE8-BF17725F2821}.Release|Mixed Platforms.ActiveCfg = Release|Win32
		{9F2B95B6-0346-4432-8DE8-BF17725F2821}.Release|Mixed Platforms.Build.0 = Release|Win32
		{9F2B95B6-0346-4432-8DE8-BF17725F2821}.Release|Win32.ActiveCfg = Release|Win32
		{9F2B95B6-0346-4432-8DE8-BF17725F2821}.Release|Win32.Build.0 = Release|Win32
		{EB6222B5-41FC-4355-A650-FCD8ADF53F31}.Debug|Any CPU.ActiveCfg = Debug|Win32
		{EB6222B5-41FC-4355-A650-FCD8ADF53F31}.Debug|Mixed Platforms.ActiveCfg = Debug|Win32
		{EB6222B5-41FC-4355-A650-FCD8ADF53F31}.Debug|Mixed Platforms.Build.0 = Debug|Win32
		{EB6222B5-41FC-4355-A650-FCD8ADF53F31}.Debug|Win32.ActiveCfg = Debug|Win32
		{EB6222B5-41FC-4355-A650-FCD8ADF53F31}.Debug|Win32.Build.0 = Debug|Win32
		{EB6222B5-41FC-4355-A650-FCD8ADF53F31}.Release|Any CPU.ActiveCfg = Release|Win32
		{EB6222B5-41FC-4355-A650-FCD8ADF53F31}.Release|Mixed Platforms.ActiveCfg = Release|Win32
		{EB6222B5-41FC-4355-A650-FCD8ADF53F31}.Release|Mixed Platforms.Build.0 = Release|Win32
		{EB6222B5-41FC-4355-A650-FCD8ADF53F31}.Release|Win32.ActiveCfg = Release|Win32
		{EB6222B5-41FC-4355-A650-FCD8ADF53F31}.Release|Win32.Build.0 = Release|Win32
	EndGlobalSection
	GlobalSection(SolutionProperties) = preSolution
		HideSolutionNode = FALSE
	EndGlobalSection
EndGlobal
